
Microsoft Visual Studio Solution File, Format Version 12.00
# Visual Studio Version 17
VisualStudioVersion = 17.8.34511.84
MinimumVisualStudioVersion = 10.0.40219.1
Project("{FAE04EC0-301F-11D3-BF4B-00C04F79EFBC}") = "ConsultantTest.DirWatchAndCount", "ConsultantTest.DirWatcher\ConsultantTest.DirWatchAndCount.csproj", "{7CAE15F7-4429-47E2-9E06-0D9B91A684DA}"
EndProject
Project("{FAE04EC0-301F-11D3-BF4B-00C04F79EFBC}") = "ConsultantTest.DirWatcher.Services", "ConsultantTest.DirWatcher.Services\ConsultantTest.DirWatcher.Services.csproj", "{451FF055-5A2C-41BA-85EA-DF03A2D11F4C}"
EndProject
Project("{FAE04EC0-301F-11D3-BF4B-00C04F79EFBC}") = "ConsultantTest.DirWatcher.Abstractions", "ConsultantTest.DirWatcher.Abstractions\ConsultantTest.DirWatcher.Abstractions.csproj", "{546F5EF2-2313-4727-9EC8-BACCDD1D2112}"
EndProject
Global
	GlobalSection(SolutionConfigurationPlatforms) = preSolution
		Debug|Any CPU = Debug|Any CPU
		Release|Any CPU = Release|Any CPU
	EndGlobalSection
	GlobalSection(ProjectConfigurationPlatforms) = postSolution
		{7CAE15F7-4429-47E2-9E06-0D9B91A684DA}.Debug|Any CPU.ActiveCfg = Debug|Any CPU
		{7CAE15F7-4429-47E2-9E06-0D9B91A684DA}.Debug|Any CPU.Build.0 = Debug|Any CPU
		{7CAE15F7-4429-47E2-9E06-0D9B91A684DA}.Release|Any CPU.ActiveCfg = Release|Any CPU
		{7CAE15F7-4429-47E2-9E06-0D9B91A684DA}.Release|Any CPU.Build.0 = Release|Any CPU
		{451FF055-5A2C-41BA-85EA-DF03A2D11F4C}.Debug|Any CPU.ActiveCfg = Debug|Any CPU
		{451FF055-5A2C-41BA-85EA-DF03A2D11F4C}.Debug|Any CPU.Build.0 = Debug|Any CPU
		{451FF055-5A2C-41BA-85EA-DF03A2D11F4C}.Release|Any CPU.ActiveCfg = Release|Any CPU
		{451FF055-5A2C-41BA-85EA-DF03A2D11F4C}.Release|Any CPU.Build.0 = Release|Any CPU
		{546F5EF2-2313-4727-9EC8-BACCDD1D2112}.Debug|Any CPU.ActiveCfg = Debug|Any CPU
		{546F5EF2-2313-4727-9EC8-BACCDD1D2112}.Debug|Any CPU.Build.0 = Debug|Any CPU
		{546F5EF2-2313-4727-9EC8-BACCDD1D2112}.Release|Any CPU.ActiveCfg = Release|Any CPU
		{546F5EF2-2313-4727-9EC8-BACCDD1D2112}.Release|Any CPU.Build.0 = Release|Any CPU
	EndGlobalSection
	GlobalSection(SolutionProperties) = preSolution
		HideSolutionNode = FALSE
	EndGlobalSection
	GlobalSection(ExtensibilityGlobals) = postSolution
		SolutionGuid = {6C6C3BC7-3457-4154-9CC1-1CE1A0C92DBB}
	EndGlobalSection
EndGlobal
